{
  "nodes": {
    "cc-switch-cli": {
      "inputs": {
        "nixpkgs": [
          "nixpkgs"
        ]
      },
      "locked": {
        "lastModified": 1781118468,
        "narHash": "sha256-2WhBuUJc+T+sbfECFj/4Ruj6aCBy+taNVjQ3vK+NLtw=",
        "owner": "SaladDay",
        "repo": "cc-switch-cli",
        "rev": "663174ff794ff24207f50d6aef2419d52495d468",
        "type": "github"
      },
      "original": {
        "owner": "SaladDay",
        "repo": "cc-switch-cli",
        "type": "github"
      }
    },
    "home-manager": {
      "inputs": {
        "nixpkgs": [
          "nixpkgs"
        ]
      },
      "locked": {
        "lastModified": 1779506708,
        "narHash": "sha256-QOD/CNm196nCJRheux/URi4/HE66fthdOMqCJoPP1Y0=",
        "owner": "nix-community",
        "repo": "home-manager",
        "rev": "3ee51fbdac8c8bdfe1e7e1fcaba6520a563f394f",
        "type": "github"
      },
      "original": {
        "owner": "nix-community",
        "ref": "release-25.11",
        "repo": "home-manager",
        "type": "github"
      }
    },
    "nixpkgs": {
      "locked": {
        "lastModified": 1782901010,
        "narHash": "sha256-IWpaImuKa1YVOmnuPyyzbG6/Q6ZgKaOsP4sXmfTbkdQ=",
        "type": "tarball",
        "url": "https://mirrors.ustc.edu.cn/nix-channels/nixos-25.11/nixexprs.tar.xz"
      },
      "original": {
        "owner": "NixOS",
        "ref": "nixos-25.11",
        "repo": "nixpkgs",
        "type": "github"
      }
    },
    "root": {
      "inputs": {
        "cc-switch-cli": "cc-switch-cli",
        "home-manager": "home-manager",
        "nixpkgs": "nixpkgs"
      }
    }
  },
  "root": "root",
  "version": 7
}
